// !$*UTF8*$!
{
	archiveVersion = 1;
	classes = {
	};
	objectVersion = 55;
	objects = {

/* Begin PBXBuildFile section */
		BD3D829228BF94C4002B021C /* RingIView.swift in Sources */ = {isa = PBXBuildFile; fileRef = BD3D829128BF94C4002B021C /* RingIView.swift */; };
		BD6533F128BE246E00FA6BE6 /* HomeView.swift in Sources */ = {isa = PBXBuildFile; fileRef = BD6533F028BE246E00FA6BE6 /* HomeView.swift */; };
		BD716D1D28BCCCEE00B02053 /* MenuView.swift in Sources */ = {isa = PBXBuildFile; fileRef = BD716D1C28BCCCEE00B02053 /* MenuView.swift */; };
		BD716D1F28BCE86F00B02053 /* Home.swift in Sources */ = {isa = PBXBuildFile; fileRef = BD716D1E28BCE86F00B02053 /* Home.swift */; };
		BDF3865E28B1C0C2000D9E6D /* DesingExampleApp.swift in Sources */ = {isa = PBXBuildFile; fileRef = BDF3865D28B1C0C2000D9E6D /* DesingExampleApp.swift */; };
		BDF3866028B1C0C2000D9E6D /* ContentView.swift in Sources */ = {isa = PBXBuildFile; fileRef = BDF3865F28B1C0C2000D9E6D /* ContentView.swift */; };
		BDF3866228B1C0C4000D9E6D /* Assets.xcassets in Resources */ = {isa = PBXBuildFile; fileRef = BDF3866128B1C0C4000D9E6D /* Assets.xcassets */; };
		BDF3866528B1C0C4000D9E6D /* Preview Assets.xcassets in Resources */ = {isa = PBXBuildFile; fileRef = BDF3866428B1C0C4000D9E6D /* Preview Assets.xcassets */; };
/* End PBXBuildFile section */

/* Begin PBXFileReference section */
		BD3D829128BF94C4002B021C /* RingIView.swift */ = {isa = PBXFileReference; lastKnownFileType = sourcecode.swift; path = RingIView.swift; sourceTree = "<group>"; };
		BD6533F028BE246E00FA6BE6 /* HomeView.swift */ = {isa = PBXFileReference; lastKnownFileType = sourcecode.swift; path = HomeView.swift; sourceTree = "<group>"; };
		BD716D1C28BCCCEE00B02053 /* MenuView.swift */ = {isa = PBXFileReference; lastKnownFileType = sourcecode.swift; path = MenuView.swift; sourceTree = "<group>"; };
		BD716D1E28BCE86F00B02053 /* Home.swift */ = {isa = PBXFileReference; lastKnownFileType = sourcecode.swift; path = Home.swift; sourceTree = "<group>"; };
		BDF3865A28B1C0C2000D9E6D /* DesingExample.app */ = {isa = PBXFileReference; explicitFileType = wrapper.application; includeInIndex = 0; path = DesingExample.app; sourceTree = BUILT_PRODUCTS_DIR; };
		BDF3865D28B1C0C2000D9E6D /* DesingExampleApp.swift */ = {isa = PBXFileReference; lastKnownFileType = sourcecode.swift; path = DesingExampleApp.swift; sourceTree = "<group>"; };
		BDF3865F28B1C0C2000D9E6D /* ContentView.swift */ = {isa = PBXFileReference; lastKnownFileType = sourcecode.swift; path = ContentView.swift; sourceTree = "<group>"; };
		BDF3866128B1C0C4000D9E6D /* Assets.xcassets */ = {isa = PBXFileReference; lastKnownFileType = folder.assetcatalog; path = Assets.xcassets; sourceTree = "<group>"; };
		BDF3866428B1C0C4000D9E6D /* Preview Assets.xcassets */ = {isa = PBXFileReference; lastKnownFileType = folder.assetcatalog; path = "Preview Assets.xcassets"; sourceTree = "<group>"; };
/* End PBXFileReference section */

/* Begin PBXFrameworksBuildPhase section */
		BDF3865728B1C0C2000D9E6D /* Frameworks */ = {
			isa = PBXFrameworksBuildPhase;
			buildActionMask = 2147483647;
			files = (
			);
			runOnlyForDeploymentPostprocessing = 0;
		};
/* End PBXFrameworksBuildPhase section */

/* Begin PBXGroup section */
		BDF3865128B1C0C2000D9E6D = {
			isa = PBXGroup;
			children = (
				BDF3865C28B1C0C2000D9E6D /* DesingExample */,
				BDF3865B28B1C0C2000D9E6D /* Products */,
			);
			sourceTree = "<group>";
		};
		BDF3865B28B1C0C2000D9E6D /* Products */ = {
			isa = PBXGroup;
			children = (
				BDF3865A28B1C0C2000D9E6D /* DesingExample.app */,
			);
			name = Products;
			sourceTree = "<group>";
		};
		BDF3865C28B1C0C2000D9E6D /* DesingExample */ = {
			isa = PBXGroup;
			children = (
				BDF3865D28B1C0C2000D9E6D /* DesingExampleApp.swift */,
				BDF3865F28B1C0C2000D9E6D /* ContentView.swift */,
				BD716D1C28BCCCEE00B02053 /* MenuView.swift */,
				BD716D1E28BCE86F00B02053 /* Home.swift */,
				BD6533F028BE246E00FA6BE6 /* HomeView.swift */,
				BD3D829128BF94C4002B021C /* RingIView.swift */,
				BDF3866128B1C0C4000D9E6D /* Assets.xcassets */,
				BDF3866328B1C0C4000D9E6D /* Preview Content */,
			);
			path = DesingExample;
			sourceTree = "<group>";
		};
		BDF3866328B1C0C4000D9E6D /* Preview Content */ = {
			isa = PBXGroup;
			children = (
				BDF3866428B1C0C4000D9E6D /* Preview Assets.xcassets */,
			);
			path = "Preview Content";
			sourceTree = "<group>";
		};
/* End PBXGroup section */

/* Begin PBXNativeTarget section */
		BDF3865928B1C0C2000D9E6D /* DesingExample */ = {
			isa = PBXNativeTarget;
			buildConfigurationList = BDF3866828B1C0C4000D9E6D /* Build configuration list for PBXNativeTarget "DesingExample" */;
			buildPhases = (
				BDF3865628B1C0C2000D9E6D /* Sources */,
				BDF3865728B1C0C2000D9E6D /* Frameworks */,
				BDF3865828B1C0C2000D9E6D /* Resources */,
			);
			buildRules = (
			);
			dependencies = (
			);
			name = DesingExample;
			productName = DesingExample;
			productReference = BDF3865A28B1C0C2000D9E6D /* DesingExample.app */;
			productType = "com.apple.product-type.application";
		};
/* End PBXNativeTarget section */

/* Begin PBXProject section */
		BDF3865228B1C0C2000D9E6D /* Project object */ = {
			isa = PBXProject;
			attributes = {
				BuildIndependentTargetsInParallel = 1;
				LastSwiftUpdateCheck = 1300;
				LastUpgradeCheck = 1300;
				TargetAttributes = {
					BDF3865928B1C0C2000D9E6D = {
						CreatedOnToolsVersion = 13.0;
					};
				};
			};
			buildConfigurationList = BDF3865528B1C0C2000D9E6D /* Build configuration list for PBXProject "DesingExample" */;
			compatibilityVersion = "Xcode 13.0";
			developmentRegion = en;
			hasScannedForEncodings = 0;
			knownRegions = (
				en,
				Base,
			);
			mainGroup = BDF3865128B1C0C2000D9E6D;
			productRefGroup = BDF3865B28B1C0C2000D9E6D /* Products */;
			projectDirPath = "";
			projectRoot = "";
			targets = (
				BDF3865928B1C0C2000D9E6D /* DesingExample */,
			);
		};
/* End PBXProject section */

/* Begin PBXResourcesBuildPhase section */
		BDF3865828B1C0C2000D9E6D /* Resources */ = {
			isa = PBXResourcesBuildPhase;
			buildActionMask = 2147483647;
			files = (
				BDF3866528B1C0C4000D9E6D /* Preview Assets.xcassets in Resources */,
				BDF3866228B1C0C4000D9E6D /* Assets.xcassets in Resources */,
			);
			runOnlyForDeploymentPostprocessing = 0;
		};
/* End PBXResourcesBuildPhase section */

/* Begin PBXSourcesBuildPhase section */
		BDF3865628B1C0C2000D9E6D /* Sources */ = {
			isa = PBXSourcesBuildPhase;
			buildActionMask = 2147483647;
			files = (
				BDF3866028B1C0C2000D9E6D /* ContentView.swift in Sources */,
				BD716D1F28BCE86F00B02053 /* Home.swift in Sources */,
				BD3D829228BF94C4002B021C /* RingIView.swift in Sources */,
				BD716D1D28BCCCEE00B02053 /* MenuView.swift in Sources */,
				BD6533F128BE246E00FA6BE6 /* HomeView.swift in Sources */,
				BDF3865E28B1C0C2000D9E6D /* DesingExampleApp.swift in Sources */,
			);
			runOnlyForDeploymentPostprocessing = 0;
		};
/* End PBXSourcesBuildPhase section */

/* Begin XCBuildConfiguration section */
		BDF3866628B1C0C4000D9E6D /* Debug */ = {
			isa = XCBuildConfiguration;
			buildSettings = {
				ALWAYS_SEARCH_USER_PATHS = NO;
				CLANG_ANALYZER_NONNULL = YES;
				CLANG_ANALYZER_NUMBER_OBJECT_CONVERSION = YES_AGGRESSIVE;
				CLANG_CXX_LANGUAGE_STANDARD = "gnu++17";
				CLANG_CXX_LIBRARY = "libc++";
				CLANG_ENABLE_MODULES = YES;
				CLANG_ENABLE_OBJC_ARC = YES;
				CLANG_ENABLE_OBJC_WEAK = YES;
				CLANG_WARN_BLOCK_CAPTURE_AUTORELEASING = YES;
				CLANG_WARN_BOOL_CONVERSION = YES;
				CLANG_WARN_COMMA = YES;
				CLANG_WARN_CONSTANT_CONVERSION = YES;
				CLANG_WARN_DEPRECATED_OBJC_IMPLEMENTATIONS = YES;
				CLANG_WARN_DIRECT_OBJC_ISA_USAGE = YES_ERROR;
				CLANG_WARN_DOCUMENTATION_COMMENTS = YES;
				CLANG_WARN_EMPTY_BODY = YES;
				CLANG_WARN_ENUM_CONVERSION = YES;
				CLANG_WARN_INFINITE_RECURSION = YES;
				CLANG_WARN_INT_CONVERSION = YES;
				CLANG_WARN_NON_LITERAL_NULL_CONVERSION = YES;
				CLANG_WARN_OBJC_IMPLICIT_RETAIN_SELF = YES;
				CLANG_WARN_OBJC_LITERAL_CONVERSION = YES;
				CLANG_WARN_OBJC_ROOT_CLASS = YES_ERROR;
				CLANG_WARN_QUOTED_INCLUDE_IN_FRAMEWORK_HEADER = YES;
				CLANG_WARN_RANGE_LOOP_ANALYSIS = YES;
				CLANG_WARN_STRICT_PROTOTYPES = YES;
				CLANG_WARN_SUSPICIOUS_MOVE = YES;
				CLANG_WARN_UNGUARDED_AVAILABILITY = YES_AGGRESSIVE;
				CLANG_WARN_UNREACHABLE_CODE = YES;
				CLANG_WARN__DUPLICATE_METHOD_MATCH = YES;
				COPY_PHASE_STRIP = NO;
				DEBUG_INFORMATION_FORMAT = dwarf;
				ENABLE_STRICT_OBJC_MSGSEND = YES;
				ENABLE_TESTABILITY = YES;
				GCC_C_LANGUAGE_STANDARD = gnu11;
				GCC_DYNAMIC_NO_PIC = NO;
				GCC_NO_COMMON_BLOCKS = YES;
				GCC_OPTIMIZATION_LEVEL = 0;
				GCC_PREPROCESSOR_DEFINITIONS = (
					"DEBUG=1",
					"$(inherited)",
				);
				GCC_WARN_64_TO_32_BIT_CONVERSION = YES;
				GCC_WARN_ABOUT_RETURN_TYPE = YES_ERROR;
				GCC_WARN_UNDECLARED_SELECTOR = YES;
				GCC_WARN_UNINITIALIZED_AUTOS = YES_AGGRESSIVE;
				GCC_WARN_UNUSED_FUNCTION = YES;
				GCC_WARN_UNUSED_VARIABLE = YES;
				IPHONEOS_DEPLOYMENT_TARGET = 15.0;
				MTL_ENABLE_DEBUG_INFO = INCLUDE_SOURCE;
				MTL_FAST_MATH = YES;
				ONLY_ACTIVE_ARCH = YES;
				SDKROOT = iphoneos;
				SWIFT_ACTIVE_COMPILATION_CONDITIONS = DEBUG;
				SWIFT_OPTIMIZATION_LEVEL = "-Onone";
			};
			name = Debug;
		};
		BDF3866728B1C0C4000D9E6D /* Release */ = {
			isa = XCBuildConfiguration;
			buildSettings = {
				ALWAYS_SEARCH_USER_PATHS = NO;
				CLANG_ANALYZER_NONNULL = YES;
				CLANG_ANALYZER_NUMBER_OBJECT_CONVERSION = YES_AGGRESSIVE;
				CLANG_CXX_LANGUAGE_STANDARD = "gnu++17";
				CLANG_CXX_LIBRARY = "libc++";
				CLANG_ENABLE_MODULES = YES;
				CLANG_ENABLE_OBJC_ARC = YES;
				CLANG_ENABLE_OBJC_WEAK = YES;
				CLANG_WARN_BLOCK_CAPTURE_AUTORELEASING = YES;
				CLANG_WARN_BOOL_CONVERSION = YES;
				CLANG_WARN_COMMA = YES;
				CLANG_WARN_CONSTANT_CONVERSION = YES;
				CLANG_WARN_DEPRECATED_OBJC_IMPLEMENTATIONS = YES;
				CLANG_WARN_DIRECT_OBJC_ISA_USAGE = YES_ERROR;
				CLANG_WARN_DOCUMENTATION_COMMENTS = YES;
				CLANG_WARN_EMPTY_BODY = YES;
				CLANG_WARN_ENUM_CONVERSION = YES;
				CLANG_WARN_INFINITE_RECURSION = YES;
				CLANG_WARN_INT_CONVERSION = YES;
				CLANG_WARN_NON_LITERAL_NULL_CONVERSION = YES;
				CLANG_WARN_OBJC_IMPLICIT_RETAIN_SELF = YES;
				CLANG_WARN_OBJC_LITERAL_CONVERSION = YES;
				CLANG_WARN_OBJC_ROOT_CLASS = YES_ERROR;
				CLANG_WARN_QUOTED_INCLUDE_IN_FRAMEWORK_HEADER = YES;
				CLANG_WARN_RANGE_LOOP_ANALYSIS = YES;
				CLANG_WARN_STRICT_PROTOTYPES = YES;
				CLANG_WARN_SUSPICIOUS_MOVE = YES;
				CLANG_WARN_UNGUARDED_AVAILABILITY = YES_AGGRESSIVE;
				CLANG_WARN_UNREACHABLE_CODE = YES;
				CLANG_WARN__DUPLICATE_METHOD_MATCH = YES;
				COPY_PHASE_STRIP = NO;
				DEBUG_INFORMATION_FORMAT = "dwarf-with-dsym";
				ENABLE_NS_ASSERTIONS = NO;
				ENABLE_STRICT_OBJC_MSGSEND = YES;
				GCC_C_LANGUAGE_STANDARD = gnu11;
				GCC_NO_COMMON_BLOCKS = YES;
				GCC_WARN_64_TO_32_BIT_CONVERSION = YES;
				GCC_WARN_ABOUT_RETURN_TYPE = YES_ERROR;
				GCC_WARN_UNDECLARED_SELECTOR = YES;
				GCC_WARN_UNINITIALIZED_AUTOS = YES_AGGRESSIVE;
				GCC_WARN_UNUSED_FUNCTION = YES;
				GCC_WARN_UNUSED_VARIABLE = YES;
				IPHONEOS_DEPLOYMENT_TARGET = 15.0;
				MTL_ENABLE_DEBUG_INFO = NO;
				MTL_FAST_MATH = YES;
				SDKROOT = iphoneos;
				SWIFT_COMPILATION_MODE = wholemodule;
				SWIFT_OPTIMIZATION_LEVEL = "-O";
				VALIDATE_PRODUCT = YES;
			};
			name = Release;
		};
		BDF3866928B1C0C4000D9E6D /* Debug */ = {
			isa = XCBuildConfiguration;
			buildSettings = {
				ASSETCATALOG_COMPILER_APPICON_NAME = AppIcon;
				ASSETCATALOG_COMPILER_GLOBAL_ACCENT_COLOR_NAME = AccentColor;
				CODE_SIGN_STYLE = Automatic;
				CURRENT_PROJECT_VERSION = 1;
				DEVELOPMENT_ASSET_PATHS = "\"DesingExample/Preview Content\"";
				ENABLE_PREVIEWS = YES;
				GENERATE_INFOPLIST_FILE = YES;
				INFOPLIST_KEY_UIApplicationSceneManifest_Generation = YES;
				INFOPLIST_KEY_UIApplicationSupportsIndirectInputEvents = YES;
				INFOPLIST_KEY_UILaunchScreen_Generation = YES;
				INFOPLIST_KEY_UISupportedInterfaceOrientations_iPad = "UIInterfaceOrientationPortrait UIInterfaceOrientationPortraitUpsideDown UIInterfaceOrientationLandscapeLeft UIInterfaceOrientationLandscapeRight";
				INFOPLIST_KEY_UISupportedInterfaceOrientations_iPhone = "UIInterfaceOrientationPortrait UIInterfaceOrientationLandscapeLeft UIInterfaceOrientationLandscapeRight";
				IPHONEOS_DEPLOYMENT_TARGET = 14.0;
				LD_RUNPATH_SEARCH_PATHS = (
					"$(inherited)",
					"@executable_path/Frameworks",
				);
				MARKETING_VERSION = 1.0;
				PRODUCT_BUNDLE_IDENTIFIER = KotkovStudentCorporation.DesingExample;
				PRODUCT_NAME = "$(TARGET_NAME)";
				SWIFT_EMIT_LOC_STRINGS = YES;
				SWIFT_VERSION = 5.0;
				TARGETED_DEVICE_FAMILY = "1,2";
			};
			name = Debug;
		};
		BDF3866A28B1C0C4000D9E6D /* Release */ = {
			isa = XCBuildConfiguration;
			buildSettings = {
				ASSETCATALOG_COMPILER_APPICON_NAME = AppIcon;
				ASSETCATALOG_COMPILER_GLOBAL_ACCENT_COLOR_NAME = AccentColor;
				CODE_SIGN_STYLE = Automatic;
				CURRENT_PROJECT_VERSION = 1;
				DEVELOPMENT_ASSET_PATHS = "\"DesingExample/Preview Content\"";
				ENABLE_PREVIEWS = YES;
				GENERATE_INFOPLIST_FILE = YES;
				INFOPLIST_KEY_UIApplicationSceneManifest_Generation = YES;
				INFOPLIST_KEY_UIApplicationSupportsIndirectInputEvents = YES;
				INFOPLIST_KEY_UILaunchScreen_Generation = YES;
				INFOPLIST_KEY_UISupportedInterfaceOrientations_iPad = "UIInterfaceOrientationPortrait UIInterfaceOrientationPortraitUpsideDown UIInterfaceOrientationLandscapeLeft UIInterfaceOrientationLandscapeRight";
				INFOPLIST_KEY_UISupportedInterfaceOrientations_iPhone = "UIInterfaceOrientationPortrait UIInterfaceOrientationLandscapeLeft UIInterfaceOrientationLandscapeRight";
				IPHONEOS_DEPLOYMENT_TARGET = 14.0;
				LD_RUNPATH_SEARCH_PATHS = (
					"$(inherited)",
					"@executable_path/Frameworks",
				);
				MARKETING_VERSION = 1.0;
				PRODUCT_BUNDLE_IDENTIFIER = KotkovStudentCorporation.DesingExample;
				PRODUCT_NAME = "$(TARGET_NAME)";
				SWIFT_EMIT_LOC_STRINGS = YES;
				SWIFT_VERSION = 5.0;
				TARGETED_DEVICE_FAMILY = "1,2";
			};
			name = Release;
		};
/* End XCBuildConfiguration section */

/* Begin XCConfigurationList section */
		BDF3865528B1C0C2000D9E6D /* Build configuration list for PBXProject "DesingExample" */ = {
			isa = XCConfigurationList;
			buildConfigurations = (
				BDF3866628B1C0C4000D9E6D /* Debug */,
				BDF3866728B1C0C4000D9E6D /* Release */,
			);
			defaultConfigurationIsVisible = 0;
			defaultConfigurationName = Release;
		};
		BDF3866828B1C0C4000D9E6D /* Build configuration list for PBXNativeTarget "DesingExample" */ = {
			isa = XCConfigurationList;
			buildConfigurations = (
				BDF3866928B1C0C4000D9E6D /* Debug */,
				BDF3866A28B1C0C4000D9E6D /* Release */,
			);
			defaultConfigurationIsVisible = 0;
			defaultConfigurationName = Release;
		};
/* End XCConfigurationList section */
	};
	rootObject = BDF3865228B1C0C2000D9E6D /* Project object */;
}
